
Microsoft Visual Studio Solution File, Format Version 12.00
# Visual Studio Version 16
VisualStudioVersion = 16.0.30002.166
MinimumVisualStudioVersion = 10.0.40219.1
Project("{FAE04EC0-301F-11D3-BF4B-00C04F79EFBC}") = "BarGraphg", "BarGraphg\BarGraphg.csproj", "{B440E292-E736-4BE9-AD62-4C6379D18CC6}"
EndProject
Global
	GlobalSection(SolutionConfigurationPlatforms) = preSolution
		Debug|Any CPU = Debug|Any CPU
		Release|Any CPU = Release|Any CPU
	EndGlobalSection
	GlobalSection(ProjectConfigurationPlatforms) = postSolution
		{B440E292-E736-4BE9-AD62-4C6379D18CC6}.Debug|Any CPU.ActiveCfg = Debug|Any CPU
		{B440E292-E736-4BE9-AD62-4C6379D18CC6}.Debug|Any CPU.Build.0 = Debug|Any CPU
		{B440E292-E736-4BE9-AD62-4C6379D18CC6}.Release|Any CPU.ActiveCfg = Release|Any CPU
		{B440E292-E736-4BE9-AD62-4C6379D18CC6}.Release|Any CPU.Build.0 = Release|Any CPU
	EndGlobalSection
	GlobalSection(SolutionProperties) = preSolution
		HideSolutionNode = FALSE
	EndGlobalSection
	GlobalSection(ExtensibilityGlobals) = postSolution
		SolutionGuid = {B19670B4-613E-4856-A09F-324FDF0F7E2D}
	EndGlobalSection
EndGlobal
